Microsoft Visual Studio Solution File, Format Version 12.00
# Visual Studio Version 17
VisualStudioVersion = 17.5.2.0
MinimumVisualStudioVersion = 10.0.40219.1
Project("{FAE04EC0-301F-11D3-BF4B-00C04F79EFBC}") = "EasyMute", "EasyMute\EasyMute.csproj", "{34262977-D2B7-5181-F920-6FFD49C625DE}"
EndProject
Global
	GlobalSection(SolutionConfigurationPlatforms) = preSolution
		Debug|Any CPU = Debug|Any CPU
		Release|Any CPU = Release|Any CPU
	EndGlobalSection
	GlobalSection(ProjectConfigurationPlatforms) = postSolution
		{34262977-D2B7-5181-F920-6FFD49C625DE}.Debug|Any CPU.ActiveCfg = Debug|Any CPU
		{34262977-D2B7-5181-F920-6FFD49C625DE}.Debug|Any CPU.Build.0 = Debug|Any CPU
		{34262977-D2B7-5181-F920-6FFD49C625DE}.Release|Any CPU.ActiveCfg = Release|Any CPU
		{34262977-D2B7-5181-F920-6FFD49C625DE}.Release|Any CPU.Build.0 = Release|Any CPU
	EndGlobalSection
	GlobalSection(SolutionProperties) = preSolution
		HideSolutionNode = FALSE
	EndGlobalSection
	GlobalSection(ExtensibilityGlobals) = postSolution
		SolutionGuid = {1DF8891E-FCE3-4F9A-9300-D15B58309EBD}
	EndGlobalSection
EndGlobal
